
Microsoft Visual Studio Solution File, Format Version 12.00
# Visual Studio 15
VisualStudioVersion = 15.0.28307.106
MinimumVisualStudioVersion = 10.0.40219.1
Project("{FAE04EC0-301F-11D3-BF4B-00C04F79EFBC}") = "LawerGUI", "LawerGUI\LawerGUI.csproj", "{7A8A902E-EDCA-43BF-9B9A-F697EA0988F2}"
EndProject
Project("{54435603-DBB4-11D2-8724-00A0C9A8B90C}") = "Setup1", "Setup1\Setup1.vdproj", "{6D1B4571-9A87-418D-8F09-BB0C5B0F7736}"
EndProject
Global
	GlobalSection(SolutionConfigurationPlatforms) = preSolution
		Debug|Any CPU = Debug|Any CPU
		Release|Any CPU = Release|Any CPU
	EndGlobalSection
	GlobalSection(ProjectConfigurationPlatforms) = postSolution
		{7A8A902E-EDCA-43BF-9B9A-F697EA0988F2}.Debug|Any CPU.ActiveCfg = Debug|Any CPU
		{7A8A902E-EDCA-43BF-9B9A-F697EA0988F2}.Debug|Any CPU.Build.0 = Debug|Any CPU
		{7A8A902E-EDCA-43BF-9B9A-F697EA0988F2}.Release|Any CPU.ActiveCfg = Release|Any CPU
		{7A8A902E-EDCA-43BF-9B9A-F697EA0988F2}.Release|Any CPU.Build.0 = Release|Any CPU
		{6D1B4571-9A87-418D-8F09-BB0C5B0F7736}.Debug|Any CPU.ActiveCfg = Debug
		{6D1B4571-9A87-418D-8F09-BB0C5B0F7736}.Release|Any CPU.ActiveCfg = Release
	EndGlobalSection
	GlobalSection(SolutionProperties) = preSolution
		HideSolutionNode = FALSE
	EndGlobalSection
	GlobalSection(ExtensibilityGlobals) = postSolution
		SolutionGuid = {BD5088E6-EEC5-48B4-9FCD-8B8C4581EAB1}
	EndGlobalSection
EndGlobal
